
Microsoft Visual Studio Solution File, Format Version 12.00
# Visual Studio Version 17
VisualStudioVersion = 17.0.32014.148
MinimumVisualStudioVersion = 10.0.40219.1
Project("{FAE04EC0-301F-11D3-BF4B-00C04F79EFBC}") = "RybalkoHomework1", "RybalkoHomework1\RybalkoHomework1.csproj", "{F1CEB1C8-F280-4B13-8187-FB574703C4B6}"
EndProject
Global
	GlobalSection(SolutionConfigurationPlatforms) = preSolution
		Debug|Any CPU = Debug|Any CPU
		Release|Any CPU = Release|Any CPU
	EndGlobalSection
	GlobalSection(ProjectConfigurationPlatforms) = postSolution
		{F1CEB1C8-F280-4B13-8187-FB574703C4B6}.Debug|Any CPU.ActiveCfg = Debug|Any CPU
		{F1CEB1C8-F280-4B13-8187-FB574703C4B6}.Debug|Any CPU.Build.0 = Debug|Any CPU
		{F1CEB1C8-F280-4B13-8187-FB574703C4B6}.Release|Any CPU.ActiveCfg = Release|Any CPU
		{F1CEB1C8-F280-4B13-8187-FB574703C4B6}.Release|Any CPU.Build.0 = Release|Any CPU
	EndGlobalSection
	GlobalSection(SolutionProperties) = preSolution
		HideSolutionNode = FALSE
	EndGlobalSection
	GlobalSection(ExtensibilityGlobals) = postSolution
		SolutionGuid = {FBAACDB8-B225-4D4B-9EE3-22FDC40830F2}
	EndGlobalSection
EndGlobal
