
Microsoft Visual Studio Solution File, Format Version 12.00
# Visual Studio Version 17
VisualStudioVersion = 17.1.32328.378
MinimumVisualStudioVersion = 10.0.40219.1
Project("{FAE04EC0-301F-11D3-BF4B-00C04F79EFBC}") = "Mala_HW1(TstPR)", "Mala_HW1(TstPR)\Mala_HW1(TstPR).csproj", "{DC0A00AE-611B-42EF-9DBC-A1CFA4974520}"
EndProject
Global
	GlobalSection(SolutionConfigurationPlatforms) = preSolution
		Debug|Any CPU = Debug|Any CPU
		Release|Any CPU = Release|Any CPU
	EndGlobalSection
	GlobalSection(ProjectConfigurationPlatforms) = postSolution
		{DC0A00AE-611B-42EF-9DBC-A1CFA4974520}.Debug|Any CPU.ActiveCfg = Debug|Any CPU
		{DC0A00AE-611B-42EF-9DBC-A1CFA4974520}.Debug|Any CPU.Build.0 = Debug|Any CPU
		{DC0A00AE-611B-42EF-9DBC-A1CFA4974520}.Release|Any CPU.ActiveCfg = Release|Any CPU
		{DC0A00AE-611B-42EF-9DBC-A1CFA4974520}.Release|Any CPU.Build.0 = Release|Any CPU
	EndGlobalSection
	GlobalSection(SolutionProperties) = preSolution
		HideSolutionNode = FALSE
	EndGlobalSection
	GlobalSection(ExtensibilityGlobals) = postSolution
		SolutionGuid = {47CB3D73-01BD-45FC-845C-484B239C6782}
	EndGlobalSection
EndGlobal
