
Microsoft Visual Studio Solution File, Format Version 12.00
# Visual Studio Version 16
VisualStudioVersion = 16.0.810.23
MinimumVisualStudioVersion = 10.0.40219.1
Project("{FAE04EC0-301F-11D3-BF4B-00C04F79EFBC}") = "Homework_10", "Homework_10\Homework_10.csproj", "{47502673-8596-4A5B-81CB-4C0A876F32BA}"
EndProject
Project("{FAE04EC0-301F-11D3-BF4B-00C04F79EFBC}") = "Homework_10Test", "Homework_10Test\Homework_10Test.csproj", "{473424E3-52E8-4DEF-93C3-43CD414D53B5}"
EndProject
Global
	GlobalSection(SolutionConfigurationPlatforms) = preSolution
		Debug|Any CPU = Debug|Any CPU
		Release|Any CPU = Release|Any CPU
	EndGlobalSection
	GlobalSection(ProjectConfigurationPlatforms) = postSolution
		{47502673-8596-4A5B-81CB-4C0A876F32BA}.Debug|Any CPU.ActiveCfg = Debug|Any CPU
		{47502673-8596-4A5B-81CB-4C0A876F32BA}.Debug|Any CPU.Build.0 = Debug|Any CPU
		{47502673-8596-4A5B-81CB-4C0A876F32BA}.Release|Any CPU.ActiveCfg = Release|Any CPU
		{47502673-8596-4A5B-81CB-4C0A876F32BA}.Release|Any CPU.Build.0 = Release|Any CPU
		{473424E3-52E8-4DEF-93C3-43CD414D53B5}.Debug|Any CPU.ActiveCfg = Debug|Any CPU
		{473424E3-52E8-4DEF-93C3-43CD414D53B5}.Debug|Any CPU.Build.0 = Debug|Any CPU
		{473424E3-52E8-4DEF-93C3-43CD414D53B5}.Release|Any CPU.ActiveCfg = Release|Any CPU
		{473424E3-52E8-4DEF-93C3-43CD414D53B5}.Release|Any CPU.Build.0 = Release|Any CPU
	EndGlobalSection
	GlobalSection(SolutionProperties) = preSolution
		HideSolutionNode = FALSE
	EndGlobalSection
	GlobalSection(ExtensibilityGlobals) = postSolution
		SolutionGuid = {C76AD32A-5D69-49DF-92A6-C35F7440C49A}
	EndGlobalSection
EndGlobal
