
Microsoft Visual Studio Solution File, Format Version 12.00
# Visual Studio Version 16
VisualStudioVersion = 16.0.810.23
MinimumVisualStudioVersion = 10.0.40219.1
Project("{FAE04EC0-301F-11D3-BF4B-00C04F79EFBC}") = "Homework_11", "Homework_11\Homework_11.csproj", "{47E548BD-F83E-4B13-8EBA-F107FCA53C8A}"
EndProject
Global
	GlobalSection(SolutionConfigurationPlatforms) = preSolution
		Debug|Any CPU = Debug|Any CPU
		Release|Any CPU = Release|Any CPU
	EndGlobalSection
	GlobalSection(ProjectConfigurationPlatforms) = postSolution
		{47E548BD-F83E-4B13-8EBA-F107FCA53C8A}.Debug|Any CPU.ActiveCfg = Debug|Any CPU
		{47E548BD-F83E-4B13-8EBA-F107FCA53C8A}.Debug|Any CPU.Build.0 = Debug|Any CPU
		{47E548BD-F83E-4B13-8EBA-F107FCA53C8A}.Release|Any CPU.ActiveCfg = Release|Any CPU
		{47E548BD-F83E-4B13-8EBA-F107FCA53C8A}.Release|Any CPU.Build.0 = Release|Any CPU
	EndGlobalSection
	GlobalSection(SolutionProperties) = preSolution
		HideSolutionNode = FALSE
	EndGlobalSection
	GlobalSection(ExtensibilityGlobals) = postSolution
		SolutionGuid = {D492A281-35FF-4EFD-B1FB-FCF7977FA7F1}
	EndGlobalSection
EndGlobal
