
Microsoft Visual Studio Solution File, Format Version 12.00
# Visual Studio Version 17
VisualStudioVersion = 17.1.32328.378
MinimumVisualStudioVersion = 10.0.40219.1
Project("{FAE04EC0-301F-11D3-BF4B-00C04F79EFBC}") = "MalaOks_HW9", "MalaOks_HW9\MalaOks_HW9.csproj", "{EAB19610-68E2-4930-AB26-B9B52ADC8083}"
EndProject
Project("{FAE04EC0-301F-11D3-BF4B-00C04F79EFBC}") = "Mala_HW9(2)", "Mala_HW9(2)\Mala_HW9(2).csproj", "{D8FAD687-6980-49A9-ABB5-A5F7887586AF}"
EndProject
Global
	GlobalSection(SolutionConfigurationPlatforms) = preSolution
		Debug|Any CPU = Debug|Any CPU
		Release|Any CPU = Release|Any CPU
	EndGlobalSection
	GlobalSection(ProjectConfigurationPlatforms) = postSolution
		{EAB19610-68E2-4930-AB26-B9B52ADC8083}.Debug|Any CPU.ActiveCfg = Debug|Any CPU
		{EAB19610-68E2-4930-AB26-B9B52ADC8083}.Debug|Any CPU.Build.0 = Debug|Any CPU
		{EAB19610-68E2-4930-AB26-B9B52ADC8083}.Release|Any CPU.ActiveCfg = Release|Any CPU
		{EAB19610-68E2-4930-AB26-B9B52ADC8083}.Release|Any CPU.Build.0 = Release|Any CPU
		{D8FAD687-6980-49A9-ABB5-A5F7887586AF}.Debug|Any CPU.ActiveCfg = Debug|Any CPU
		{D8FAD687-6980-49A9-ABB5-A5F7887586AF}.Debug|Any CPU.Build.0 = Debug|Any CPU
		{D8FAD687-6980-49A9-ABB5-A5F7887586AF}.Release|Any CPU.ActiveCfg = Release|Any CPU
		{D8FAD687-6980-49A9-ABB5-A5F7887586AF}.Release|Any CPU.Build.0 = Release|Any CPU
	EndGlobalSection
	GlobalSection(SolutionProperties) = preSolution
		HideSolutionNode = FALSE
	EndGlobalSection
	GlobalSection(ExtensibilityGlobals) = postSolution
		SolutionGuid = {A8C3F0D6-7BEC-4E4D-9CC5-52F8628D7138}
	EndGlobalSection
EndGlobal
