
Microsoft Visual Studio Solution File, Format Version 12.00
# Visual Studio Version 17
VisualStudioVersion = 17.1.32328.378
MinimumVisualStudioVersion = 10.0.40219.1
Project("{FAE04EC0-301F-11D3-BF4B-00C04F79EFBC}") = "MalaOks_HW6+tsk6", "MalaOks_HW6+tsk6\MalaOks_HW6+tsk6.csproj", "{5880A7EA-5091-4615-B957-196A1E78B404}"
EndProject
Global
	GlobalSection(SolutionConfigurationPlatforms) = preSolution
		Debug|Any CPU = Debug|Any CPU
		Release|Any CPU = Release|Any CPU
	EndGlobalSection
	GlobalSection(ProjectConfigurationPlatforms) = postSolution
		{5880A7EA-5091-4615-B957-196A1E78B404}.Debug|Any CPU.ActiveCfg = Debug|Any CPU
		{5880A7EA-5091-4615-B957-196A1E78B404}.Debug|Any CPU.Build.0 = Debug|Any CPU
		{5880A7EA-5091-4615-B957-196A1E78B404}.Release|Any CPU.ActiveCfg = Release|Any CPU
		{5880A7EA-5091-4615-B957-196A1E78B404}.Release|Any CPU.Build.0 = Release|Any CPU
	EndGlobalSection
	GlobalSection(SolutionProperties) = preSolution
		HideSolutionNode = FALSE
	EndGlobalSection
	GlobalSection(ExtensibilityGlobals) = postSolution
		SolutionGuid = {6DABED22-963E-472C-8972-CA79E4D68130}
	EndGlobalSection
EndGlobal
