
Microsoft Visual Studio Solution File, Format Version 12.00
# Visual Studio Version 17
VisualStudioVersion = 17.1.32328.378
MinimumVisualStudioVersion = 10.0.40219.1
Project("{FAE04EC0-301F-11D3-BF4B-00C04F79EFBC}") = "Mala_Tsk4", "Mala_Tsk4\Mala_Tsk4.csproj", "{526DC59C-7898-4953-9D6E-EAE5F15CBFDE}"
EndProject
Project("{FAE04EC0-301F-11D3-BF4B-00C04F79EFBC}") = "Mala_HW4", "Mala_HW4\Mala_HW4.csproj", "{F72086CE-19CB-4CC9-B61E-B1E214F5BF28}"
EndProject
Global
	GlobalSection(SolutionConfigurationPlatforms) = preSolution
		Debug|Any CPU = Debug|Any CPU
		Release|Any CPU = Release|Any CPU
	EndGlobalSection
	GlobalSection(ProjectConfigurationPlatforms) = postSolution
		{526DC59C-7898-4953-9D6E-EAE5F15CBFDE}.Debug|Any CPU.ActiveCfg = Debug|Any CPU
		{526DC59C-7898-4953-9D6E-EAE5F15CBFDE}.Debug|Any CPU.Build.0 = Debug|Any CPU
		{526DC59C-7898-4953-9D6E-EAE5F15CBFDE}.Release|Any CPU.ActiveCfg = Release|Any CPU
		{526DC59C-7898-4953-9D6E-EAE5F15CBFDE}.Release|Any CPU.Build.0 = Release|Any CPU
		{F72086CE-19CB-4CC9-B61E-B1E214F5BF28}.Debug|Any CPU.ActiveCfg = Debug|Any CPU
		{F72086CE-19CB-4CC9-B61E-B1E214F5BF28}.Debug|Any CPU.Build.0 = Debug|Any CPU
		{F72086CE-19CB-4CC9-B61E-B1E214F5BF28}.Release|Any CPU.ActiveCfg = Release|Any CPU
		{F72086CE-19CB-4CC9-B61E-B1E214F5BF28}.Release|Any CPU.Build.0 = Release|Any CPU
	EndGlobalSection
	GlobalSection(SolutionProperties) = preSolution
		HideSolutionNode = FALSE
	EndGlobalSection
	GlobalSection(ExtensibilityGlobals) = postSolution
		SolutionGuid = {60B1CA07-8224-47A3-987C-4E86FE1B2E29}
	EndGlobalSection
EndGlobal
